// !$*UTF8*$!
{
	archiveVersion = 1;
	classes = {
	};
	objectVersion = 46;
	objects = {

/* Begin PBXBuildFile section */
		208EAE8E195A91D3009BFA64 /* Foundation.framework in Frameworks */ = {isa = PBXBuildFile; fileRef = 208EAE8D195A91D3009BFA64 /* Foundation.framework */; };
		208EAE90195A91D3009BFA64 /* CoreGraphics.framework in Frameworks */ = {isa = PBXBuildFile; fileRef = 208EAE8F195A91D3009BFA64 /* CoreGraphics.framework */; };
		208EAE92195A91D3009BFA64 /* UIKit.framework in Frameworks */ = {isa = PBXBuildFile; fileRef = 208EAE91195A91D3009BFA64 /* UIKit.framework */; };
		208EAE98195A91D3009BFA64 /* InfoPlist.strings in Resources */ = {isa = PBXBuildFile; fileRef = 208EAE96195A91D3009BFA64 /* InfoPlist.strings */; };
		208EAE9A195A91D3009BFA64 /* main.m in Sources */ = {isa = PBXBuildFile; fileRef = 208EAE99195A91D3009BFA64 /* main.m */; };
		208EAE9E195A91D3009BFA64 /* AppDelegate.m in Sources */ = {isa = PBXBuildFile; fileRef = 208EAE9D195A91D3009BFA64 /* AppDelegate.m */; };
		208EAEA0195A91D3009BFA64 /* Images.xcassets in Resources */ = {isa = PBXBuildFile; fileRef = 208EAE9F195A91D3009BFA64 /* Images.xcassets */; };
		208EAEA7195A91D3009BFA64 /* XCTest.framework in Frameworks */ = {isa = PBXBuildFile; fileRef = 208EAEA6195A91D3009BFA64 /* XCTest.framework */; };
		208EAEA8195A91D3009BFA64 /* Foundation.framework in Frameworks */ = {isa = PBXBuildFile; fileRef = 208EAE8D195A91D3009BFA64 /* Foundation.framework */; };
		208EAEA9195A91D3009BFA64 /* UIKit.framework in Frameworks */ = {isa = PBXBuildFile; fileRef = 208EAE91195A91D3009BFA64 /* UIKit.framework */; };
		208EAEB1195A91D3009BFA64 /* InfoPlist.strings in Resources */ = {isa = PBXBuildFile; fileRef = 208EAEAF195A91D3009BFA64 /* InfoPlist.strings */; };
		208EAEB3195A91D3009BFA64 /* ios_tumblrTests.m in Sources */ = {isa = PBXBuildFile; fileRef = 208EAEB2195A91D3009BFA64 /* ios_tumblrTests.m */; };
		208EAEC5195A97E3009BFA64 /* DashboardViewController.m in Sources */ = {isa = PBXBuildFile; fileRef = 208EAEC3195A97E3009BFA64 /* DashboardViewController.m */; };
		208EAEC6195A97E3009BFA64 /* DashboardViewController.xib in Resources */ = {isa = PBXBuildFile; fileRef = 208EAEC4195A97E3009BFA64 /* DashboardViewController.xib */; };
		208EAECA195A9831009BFA64 /* SearchViewController.m in Sources */ = {isa = PBXBuildFile; fileRef = 208EAEC8195A9831009BFA64 /* SearchViewController.m */; };
		208EAECB195A9831009BFA64 /* SearchViewController.xib in Resources */ = {isa = PBXBuildFile; fileRef = 208EAEC9195A9831009BFA64 /* SearchViewController.xib */; };
		208EAECF195A9858009BFA64 /* ComposeViewController.m in Sources */ = {isa = PBXBuildFile; fileRef = 208EAECD195A9858009BFA64 /* ComposeViewController.m */; };
		208EAED0195A9858009BFA64 /* ComposeViewController.xib in Resources */ = {isa = PBXBuildFile; fileRef = 208EAECE195A9858009BFA64 /* ComposeViewController.xib */; };
		208EAED4195A987E009BFA64 /* AccountViewController.m in Sources */ = {isa = PBXBuildFile; fileRef = 208EAED2195A987E009BFA64 /* AccountViewController.m */; };
		208EAED5195A987E009BFA64 /* AccountViewController.xib in Resources */ = {isa = PBXBuildFile; fileRef = 208EAED3195A987E009BFA64 /* AccountViewController.xib */; };
		208EAED9195A98A1009BFA64 /* ActivityViewController.m in Sources */ = {isa = PBXBuildFile; fileRef = 208EAED7195A98A1009BFA64 /* ActivityViewController.m */; };
		208EAEDA195A98A1009BFA64 /* ActivityViewController.xib in Resources */ = {isa = PBXBuildFile; fileRef = 208EAED8195A98A1009BFA64 /* ActivityViewController.xib */; };
		208EAEDF195A9A6B009BFA64 /* TabBarViewController.m in Sources */ = {isa = PBXBuildFile; fileRef = 208EAEDD195A9A6B009BFA64 /* TabBarViewController.m */; };
		208EAEE0195A9A6B009BFA64 /* TabBarViewController.xib in Resources */ = {isa = PBXBuildFile; fileRef = 208EAEDE195A9A6B009BFA64 /* TabBarViewController.xib */; };
		263133D83CF94D3CB514AAD4 /* libPods.a in Frameworks */ = {isa = PBXBuildFile; fileRef = 0D642C76BE9C44909E200281 /* libPods.a */; };
/* End PBXBuildFile section */

/* Begin PBXContainerItemProxy section */
		208EAEAA195A91D3009BFA64 /* PBXContainerItemProxy */ = {
			isa = PBXContainerItemProxy;
			containerPortal = 208EAE82195A91D3009BFA64 /* Project object */;
			proxyType = 1;
			remoteGlobalIDString = 208EAE89195A91D3009BFA64;
			remoteInfo = ios_tumblr;
		};
/* End PBXContainerItemProxy section */

/* Begin PBXFileReference section */
		0D642C76BE9C44909E200281 /* libPods.a */ = {isa = PBXFileReference; explicitFileType = archive.ar; includeInIndex = 0; path = libPods.a; sourceTree = BUILT_PRODUCTS_DIR; };
		208EAE8A195A91D3009BFA64 /* ios_tumblr.app */ = {isa = PBXFileReference; explicitFileType = wrapper.application; includeInIndex = 0; path = ios_tumblr.app; sourceTree = BUILT_PRODUCTS_DIR; };
		208EAE8D195A91D3009BFA64 /* Foundation.framework */ = {isa = PBXFileReference; lastKnownFileType = wrapper.framework; name = Foundation.framework; path = System/Library/Frameworks/Foundation.framework; sourceTree = SDKROOT; };
		208EAE8F195A91D3009BFA64 /* CoreGraphics.framework */ = {isa = PBXFileReference; lastKnownFileType = wrapper.framework; name = CoreGraphics.framework; path = System/Library/Frameworks/CoreGraphics.framework; sourceTree = SDKROOT; };
		208EAE91195A91D3009BFA64 /* UIKit.framework */ = {isa = PBXFileReference; lastKnownFileType = wrapper.framework; name = UIKit.framework; path = System/Library/Frameworks/UIKit.framework; sourceTree = SDKROOT; };
		208EAE95195A91D3009BFA64 /* ios_tumblr-Info.plist */ = {isa = PBXFileReference; lastKnownFileType = text.plist.xml; path = "ios_tumblr-Info.plist"; sourceTree = "<group>"; };
		208EAE97195A91D3009BFA64 /* en */ = {isa = PBXFileReference; lastKnownFileType = text.plist.strings; name = en; path = en.lproj/InfoPlist.strings; sourceTree = "<group>"; };
		208EAE99195A91D3009BFA64 /* main.m */ = {isa = PBXFileReference; lastKnownFileType = sourcecode.c.objc; path = main.m; sourceTree = "<group>"; };
		208EAE9B195A91D3009BFA64 /* ios_tumblr-Prefix.pch */ = {isa = PBXFileReference; lastKnownFileType = sourcecode.c.h; path = "ios_tumblr-Prefix.pch"; sourceTree = "<group>"; };
		208EAE9C195A91D3009BFA64 /* AppDelegate.h */ = {isa = PBXFileReference; lastKnownFileType = sourcecode.c.h; path = AppDelegate.h; sourceTree = "<group>"; };
		208EAE9D195A91D3009BFA64 /* AppDelegate.m */ = {isa = PBXFileReference; lastKnownFileType = sourcecode.c.objc; path = AppDelegate.m; sourceTree = "<group>"; };
		208EAE9F195A91D3009BFA64 /* Images.xcassets */ = {isa = PBXFileReference; lastKnownFileType = folder.assetcatalog; path = Images.xcassets; sourceTree = "<group>"; };
		208EAEA5195A91D3009BFA64 /* ios_tumblrTests.xctest */ = {isa = PBXFileReference; explicitFileType = wrapper.cfbundle; includeInIndex = 0; path = ios_tumblrTests.xctest; sourceTree = BUILT_PRODUCTS_DIR; };
		208EAEA6195A91D3009BFA64 /* XCTest.framework */ = {isa = PBXFileReference; lastKnownFileType = wrapper.framework; name = XCTest.framework; path = Library/Frameworks/XCTest.framework; sourceTree = DEVELOPER_DIR; };
		208EAEAE195A91D3009BFA64 /* ios_tumblrTests-Info.plist */ = {isa = PBXFileReference; lastKnownFileType = text.plist.xml; path = "ios_tumblrTests-Info.plist"; sourceTree = "<group>"; };
		208EAEB0195A91D3009BFA64 /* en */ = {isa = PBXFileReference; lastKnownFileType = text.plist.strings; name = en; path = en.lproj/InfoPlist.strings; sourceTree = "<group>"; };
		208EAEB2195A91D3009BFA64 /* ios_tumblrTests.m */ = {isa = PBXFileReference; lastKnownFileType = sourcecode.c.objc; path = ios_tumblrTests.m; sourceTree = "<group>"; };
		208EAEC2195A97E3009BFA64 /* DashboardViewController.h */ = {isa = PBXFileReference; fileEncoding = 4; lastKnownFileType = sourcecode.c.h; path = DashboardViewController.h; sourceTree = "<group>"; };
		208EAEC3195A97E3009BFA64 /* DashboardViewController.m */ = {isa = PBXFileReference; fileEncoding = 4; lastKnownFileType = sourcecode.c.objc; path = DashboardViewController.m; sourceTree = "<group>"; };
		208EAEC4195A97E3009BFA64 /* DashboardViewController.xib */ = {isa = PBXFileReference; fileEncoding = 4; lastKnownFileType = file.xib; path = DashboardViewController.xib; sourceTree = "<group>"; };
		208EAEC7195A9831009BFA64 /* SearchViewController.h */ = {isa = PBXFileReference; fileEncoding = 4; lastKnownFileType = sourcecode.c.h; path = SearchViewController.h; sourceTree = "<group>"; };
		208EAEC8195A9831009BFA64 /* SearchViewController.m */ = {isa = PBXFileReference; fileEncoding = 4; lastKnownFileType = sourcecode.c.objc; path = SearchViewController.m; sourceTree = "<group>"; };
		208EAEC9195A9831009BFA64 /* SearchViewController.xib */ = {isa = PBXFileReference; fileEncoding = 4; lastKnownFileType = file.xib; path = SearchViewController.xib; sourceTree = "<group>"; };
		208EAECC195A9858009BFA64 /* ComposeViewController.h */ = {isa = PBXFileReference; fileEncoding = 4; lastKnownFileType = sourcecode.c.h; path = ComposeViewController.h; sourceTree = "<group>"; };
		208EAECD195A9858009BFA64 /* ComposeViewController.m */ = {isa = PBXFileReference; fileEncoding = 4; lastKnownFileType = sourcecode.c.objc; path = ComposeViewController.m; sourceTree = "<group>"; };
		208EAECE195A9858009BFA64 /* ComposeViewController.xib */ = {isa = PBXFileReference; fileEncoding = 4; lastKnownFileType = file.xib; path = ComposeViewController.xib; sourceTree = "<group>"; };
		208EAED1195A987E009BFA64 /* AccountViewController.h */ = {isa = PBXFileReference; fileEncoding = 4; lastKnownFileType = sourcecode.c.h; path = AccountViewController.h; sourceTree = "<group>"; };
		208EAED2195A987E009BFA64 /* AccountViewController.m */ = {isa = PBXFileReference; fileEncoding = 4; lastKnownFileType = sourcecode.c.objc; path = AccountViewController.m; sourceTree = "<group>"; };
		208EAED3195A987E009BFA64 /* AccountViewController.xib */ = {isa = PBXFileReference; fileEncoding = 4; lastKnownFileType = file.xib; path = AccountViewController.xib; sourceTree = "<group>"; };
		208EAED6195A98A1009BFA64 /* ActivityViewController.h */ = {isa = PBXFileReference; fileEncoding = 4; lastKnownFileType = sourcecode.c.h; path = ActivityViewController.h; sourceTree = "<group>"; };
		208EAED7195A98A1009BFA64 /* ActivityViewController.m */ = {isa = PBXFileReference; fileEncoding = 4; lastKnownFileType = sourcecode.c.objc; path = ActivityViewController.m; sourceTree = "<group>"; };
		208EAED8195A98A1009BFA64 /* ActivityViewController.xib */ = {isa = PBXFileReference; fileEncoding = 4; lastKnownFileType = file.xib; path = ActivityViewController.xib; sourceTree = "<group>"; };
		208EAEDC195A9A6B009BFA64 /* TabBarViewController.h */ = {isa = PBXFileReference; fileEncoding = 4; lastKnownFileType = sourcecode.c.h; path = TabBarViewController.h; sourceTree = "<group>"; };
		208EAEDD195A9A6B009BFA64 /* TabBarViewController.m */ = {isa = PBXFileReference; fileEncoding = 4; lastKnownFileType = sourcecode.c.objc; path = TabBarViewController.m; sourceTree = "<group>"; };
		208EAEDE195A9A6B009BFA64 /* TabBarViewController.xib */ = {isa = PBXFileReference; fileEncoding = 4; lastKnownFileType = file.xib; path = TabBarViewController.xib; sourceTree = "<group>"; };
		E1972A1ADC2F44279C811FDA /* Pods.xcconfig */ = {isa = PBXFileReference; includeInIndex = 1; lastKnownFileType = text.xcconfig; name = Pods.xcconfig; path = Pods/Pods.xcconfig; sourceTree = "<group>"; };
/* End PBXFileReference section */

/* Begin PBXFrameworksBuildPhase section */
		208EAE87195A91D3009BFA64 /* Frameworks */ = {
			isa = PBXFrameworksBuildPhase;
			buildActionMask = 2147483647;
			files = (
				208EAE90195A91D3009BFA64 /* CoreGraphics.framework in Frameworks */,
				208EAE92195A91D3009BFA64 /* UIKit.framework in Frameworks */,
				208EAE8E195A91D3009BFA64 /* Foundation.framework in Frameworks */,
				263133D83CF94D3CB514AAD4 /* libPods.a in Frameworks */,
			);
			runOnlyForDeploymentPostprocessing = 0;
		};
		208EAEA2195A91D3009BFA64 /* Frameworks */ = {
			isa = PBXFrameworksBuildPhase;
			buildActionMask = 2147483647;
			files = (
				208EAEA7195A91D3009BFA64 /* XCTest.framework in Frameworks */,
				208EAEA9195A91D3009BFA64 /* UIKit.framework in Frameworks */,
				208EAEA8195A91D3009BFA64 /* Foundation.framework in Frameworks */,
			);
			runOnlyForDeploymentPostprocessing = 0;
		};
/* End PBXFrameworksBuildPhase section */

/* Begin PBXGroup section */
		208EAE81195A91D3009BFA64 = {
			isa = PBXGroup;
			children = (
				208EAE93195A91D3009BFA64 /* ios_tumblr */,
				208EAEAC195A91D3009BFA64 /* ios_tumblrTests */,
				208EAE8C195A91D3009BFA64 /* Frameworks */,
				208EAE8B195A91D3009BFA64 /* Products */,
				E1972A1ADC2F44279C811FDA /* Pods.xcconfig */,
			);
			sourceTree = "<group>";
		};
		208EAE8B195A91D3009BFA64 /* Products */ = {
			isa = PBXGroup;
			children = (
				208EAE8A195A91D3009BFA64 /* ios_tumblr.app */,
				208EAEA5195A91D3009BFA64 /* ios_tumblrTests.xctest */,
			);
			name = Products;
			sourceTree = "<group>";
		};
		208EAE8C195A91D3009BFA64 /* Frameworks */ = {
			isa = PBXGroup;
			children = (
				208EAE8D195A91D3009BFA64 /* Foundation.framework */,
				208EAE8F195A91D3009BFA64 /* CoreGraphics.framework */,
				208EAE91195A91D3009BFA64 /* UIKit.framework */,
				208EAEA6195A91D3009BFA64 /* XCTest.framework */,
				0D642C76BE9C44909E200281 /* libPods.a */,
			);
			name = Frameworks;
			sourceTree = "<group>";
		};
		208EAE93195A91D3009BFA64 /* ios_tumblr */ = {
			isa = PBXGroup;
			children = (
				208EAEBC195A9538009BFA64 /* Controllers */,
				208EAE9C195A91D3009BFA64 /* AppDelegate.h */,
				208EAE9D195A91D3009BFA64 /* AppDelegate.m */,
				208EAE9F195A91D3009BFA64 /* Images.xcassets */,
				208EAE94195A91D3009BFA64 /* Supporting Files */,
			);
			path = ios_tumblr;
			sourceTree = "<group>";
		};
		208EAE94195A91D3009BFA64 /* Supporting Files */ = {
			isa = PBXGroup;
			children = (
				208EAE95195A91D3009BFA64 /* ios_tumblr-Info.plist */,
				208EAE96195A91D3009BFA64 /* InfoPlist.strings */,
				208EAE99195A91D3009BFA64 /* main.m */,
				208EAE9B195A91D3009BFA64 /* ios_tumblr-Prefix.pch */,
			);
			name = "Supporting Files";
			sourceTree = "<group>";
		};
		208EAEAC195A91D3009BFA64 /* ios_tumblrTests */ = {
			isa = PBXGroup;
			children = (
				208EAEB2195A91D3009BFA64 /* ios_tumblrTests.m */,
				208EAEAD195A91D3009BFA64 /* Supporting Files */,
			);
			path = ios_tumblrTests;
			sourceTree = "<group>";
		};
		208EAEAD195A91D3009BFA64 /* Supporting Files */ = {
			isa = PBXGroup;
			children = (
				208EAEAE195A91D3009BFA64 /* ios_tumblrTests-Info.plist */,
				208EAEAF195A91D3009BFA64 /* InfoPlist.strings */,
			);
			name = "Supporting Files";
			sourceTree = "<group>";
		};
		208EAEBC195A9538009BFA64 /* Controllers */ = {
			isa = PBXGroup;
			children = (
				208EAEDB195A9A55009BFA64 /* Tab Bar */,
				208EAEBD195A976A009BFA64 /* Dashboard */,
				208EAEBE195A9771009BFA64 /* Search */,
				208EAEBF195A9779009BFA64 /* Compose */,
				208EAEC0195A9782009BFA64 /* Account */,
				208EAEC1195A978C009BFA64 /* Activity */,
			);
			name = Controllers;
			sourceTree = "<group>";
		};
		208EAEBD195A976A009BFA64 /* Dashboard */ = {
			isa = PBXGroup;
			children = (
				208EAEC2195A97E3009BFA64 /* DashboardViewController.h */,
				208EAEC3195A97E3009BFA64 /* DashboardViewController.m */,
				208EAEC4195A97E3009BFA64 /* DashboardViewController.xib */,
			);
			name = Dashboard;
			sourceTree = "<group>";
		};
		208EAEBE195A9771009BFA64 /* Search */ = {
			isa = PBXGroup;
			children = (
				208EAEC7195A9831009BFA64 /* SearchViewController.h */,
				208EAEC8195A9831009BFA64 /* SearchViewController.m */,
				208EAEC9195A9831009BFA64 /* SearchViewController.xib */,
			);
			name = Search;
			sourceTree = "<group>";
		};
		208EAEBF195A9779009BFA64 /* Compose */ = {
			isa = PBXGroup;
			children = (
				208EAECC195A9858009BFA64 /* ComposeViewController.h */,
				208EAECD195A9858009BFA64 /* ComposeViewController.m */,
				208EAECE195A9858009BFA64 /* ComposeViewController.xib */,
			);
			name = Compose;
			sourceTree = "<group>";
		};
		208EAEC0195A9782009BFA64 /* Account */ = {
			isa = PBXGroup;
			children = (
				208EAED1195A987E009BFA64 /* AccountViewController.h */,
				208EAED2195A987E009BFA64 /* AccountViewController.m */,
				208EAED3195A987E009BFA64 /* AccountViewController.xib */,
			);
			name = Account;
			sourceTree = "<group>";
		};
		208EAEC1195A978C009BFA64 /* Activity */ = {
			isa = PBXGroup;
			children = (
				208EAED6195A98A1009BFA64 /* ActivityViewController.h */,
				208EAED7195A98A1009BFA64 /* ActivityViewController.m */,
				208EAED8195A98A1009BFA64 /* ActivityViewController.xib */,
			);
			name = Activity;
			sourceTree = "<group>";
		};
		208EAEDB195A9A55009BFA64 /* Tab Bar */ = {
			isa = PBXGroup;
			children = (
				208EAEDC195A9A6B009BFA64 /* TabBarViewController.h */,
				208EAEDD195A9A6B009BFA64 /* TabBarViewController.m */,
				208EAEDE195A9A6B009BFA64 /* TabBarViewController.xib */,
			);
			name = "Tab Bar";
			sourceTree = "<group>";
		};
/* End PBXGroup section */

/* Begin PBXNativeTarget section */
		208EAE89195A91D3009BFA64 /* ios_tumblr */ = {
			isa = PBXNativeTarget;
			buildConfigurationList = 208EAEB6195A91D3009BFA64 /* Build configuration list for PBXNativeTarget "ios_tumblr" */;
			buildPhases = (
				133B60D7C1DD4177B33B7758 /* Check Pods Manifest.lock */,
				208EAE86195A91D3009BFA64 /* Sources */,
				208EAE87195A91D3009BFA64 /* Frameworks */,
				208EAE88195A91D3009BFA64 /* Resources */,
				F579BCCD5A774F4F986601F2 /* Copy Pods Resources */,
			);
			buildRules = (
			);
			dependencies = (
			);
			name = ios_tumblr;
			productName = ios_tumblr;
			productReference = 208EAE8A195A91D3009BFA64 /* ios_tumblr.app */;
			productType = "com.apple.product-type.application";
		};
		208EAEA4195A91D3009BFA64 /* ios_tumblrTests */ = {
			isa = PBXNativeTarget;
			buildConfigurationList = 208EAEB9195A91D3009BFA64 /* Build configuration list for PBXNativeTarget "ios_tumblrTests" */;
			buildPhases = (
				208EAEA1195A91D3009BFA64 /* Sources */,
				208EAEA2195A91D3009BFA64 /* Frameworks */,
				208EAEA3195A91D3009BFA64 /* Resources */,
			);
			buildRules = (
			);
			dependencies = (
				208EAEAB195A91D3009BFA64 /* PBXTargetDependency */,
			);
			name = ios_tumblrTests;
			productName = ios_tumblrTests;
			productReference = 208EAEA5195A91D3009BFA64 /* ios_tumblrTests.xctest */;
			productType = "com.apple.product-type.bundle.unit-test";
		};
/* End PBXNativeTarget section */

/* Begin PBXProject section */
		208EAE82195A91D3009BFA64 /* Project object */ = {
			isa = PBXProject;
			attributes = {
				LastUpgradeCheck = 0510;
				ORGANIZATIONNAME = "Stanley Ng";
				TargetAttributes = {
					208EAEA4195A91D3009BFA64 = {
						TestTargetID = 208EAE89195A91D3009BFA64;
					};
				};
			};
			buildConfigurationList = 208EAE85195A91D3009BFA64 /* Build configuration list for PBXProject "ios_tumblr" */;
			compatibilityVersion = "Xcode 3.2";
			developmentRegion = English;
			hasScannedForEncodings = 0;
			knownRegions = (
				en,
			);
			mainGroup = 208EAE81195A91D3009BFA64;
			productRefGroup = 208EAE8B195A91D3009BFA64 /* Products */;
			projectDirPath = "";
			projectRoot = "";
			targets = (
				208EAE89195A91D3009BFA64 /* ios_tumblr */,
				208EAEA4195A91D3009BFA64 /* ios_tumblrTests */,
			);
		};
/* End PBXProject section */

/* Begin PBXResourcesBuildPhase section */
		208EAE88195A91D3009BFA64 /* Resources */ = {
			isa = PBXResourcesBuildPhase;
			buildActionMask = 2147483647;
			files = (
				208EAE98195A91D3009BFA64 /* InfoPlist.strings in Resources */,
				208EAEA0195A91D3009BFA64 /* Images.xcassets in Resources */,
				208EAECB195A9831009BFA64 /* SearchViewController.xib in Resources */,
				208EAED0195A9858009BFA64 /* ComposeViewController.xib in Resources */,
				208EAEE0195A9A6B009BFA64 /* TabBarViewController.xib in Resources */,
				208EAED5195A987E009BFA64 /* AccountViewController.xib in Resources */,
				208EAEDA195A98A1009BFA64 /* ActivityViewController.xib in Resources */,
				208EAEC6195A97E3009BFA64 /* DashboardViewController.xib in Resources */,
			);
			runOnlyForDeploymentPostprocessing = 0;
		};
		208EAEA3195A91D3009BFA64 /* Resources */ = {
			isa = PBXResourcesBuildPhase;
			buildActionMask = 2147483647;
			files = (
				208EAEB1195A91D3009BFA64 /* InfoPlist.strings in Resources */,
			);
			runOnlyForDeploymentPostprocessing = 0;
		};
/* End PBXResourcesBuildPhase section */

/* Begin PBXShellScriptBuildPhase section */
		133B60D7C1DD4177B33B7758 /* Check Pods Manifest.lock */ = {
			isa = PBXShellScriptBuildPhase;
			buildActionMask = 2147483647;
			files = (
			);
			inputPaths = (
			);
			name = "Check Pods Manifest.lock";
			outputPaths = (
			);
			runOnlyForDeploymentPostprocessing = 0;
			shellPath = /bin/sh;
			shellScript = "diff \"${PODS_ROOT}/../Podfile.lock\" \"${PODS_ROOT}/Manifest.lock\" > /dev/null\nif [[ $? != 0 ]] ; then\n    cat << EOM\nerror: The sandbox is not in sync with the Podfile.lock. Run 'pod install' or update your CocoaPods installation.\nEOM\n    exit 1\nfi\n";
			showEnvVarsInLog = 0;
		};
		F579BCCD5A774F4F986601F2 /* Copy Pods Resources */ = {
			isa = PBXShellScriptBuildPhase;
			buildActionMask = 2147483647;
			files = (
			);
			inputPaths = (
			);
			name = "Copy Pods Resources";
			outputPaths = (
			);
			runOnlyForDeploymentPostprocessing = 0;
			shellPath = /bin/sh;
			shellScript = "\"${SRCROOT}/Pods/Pods-resources.sh\"\n";
			showEnvVarsInLog = 0;
		};
/* End PBXShellScriptBuildPhase section */

/* Begin PBXSourcesBuildPhase section */
		208EAE86195A91D3009BFA64 /* Sources */ = {
			isa = PBXSourcesBuildPhase;
			buildActionMask = 2147483647;
			files = (
				208EAE9E195A91D3009BFA64 /* AppDelegate.m in Sources */,
				208EAEC5195A97E3009BFA64 /* DashboardViewController.m in Sources */,
				208EAECA195A9831009BFA64 /* SearchViewController.m in Sources */,
				208EAECF195A9858009BFA64 /* ComposeViewController.m in Sources */,
				208EAEDF195A9A6B009BFA64 /* TabBarViewController.m in Sources */,
				208EAED4195A987E009BFA64 /* AccountViewController.m in Sources */,
				208EAED9195A98A1009BFA64 /* ActivityViewController.m in Sources */,
				208EAE9A195A91D3009BFA64 /* main.m in Sources */,
			);
			runOnlyForDeploymentPostprocessing = 0;
		};
		208EAEA1195A91D3009BFA64 /* Sources */ = {
			isa = PBXSourcesBuildPhase;
			buildActionMask = 2147483647;
			files = (
				208EAEB3195A91D3009BFA64 /* ios_tumblrTests.m in Sources */,
			);
			runOnlyForDeploymentPostprocessing = 0;
		};
/* End PBXSourcesBuildPhase section */

/* Begin PBXTargetDependency section */
		208EAEAB195A91D3009BFA64 /* PBXTargetDependency */ = {
			isa = PBXTargetDependency;
			target = 208EAE89195A91D3009BFA64 /* ios_tumblr */;
			targetProxy = 208EAEAA195A91D3009BFA64 /* PBXContainerItemProxy */;
		};
/* End PBXTargetDependency section */

/* Begin PBXVariantGroup section */
		208EAE96195A91D3009BFA64 /* InfoPlist.strings */ = {
			isa = PBXVariantGroup;
			children = (
				208EAE97195A91D3009BFA64 /* en */,
			);
			name = InfoPlist.strings;
			sourceTree = "<group>";
		};
		208EAEAF195A91D3009BFA64 /* InfoPlist.strings */ = {
			isa = PBXVariantGroup;
			children = (
				208EAEB0195A91D3009BFA64 /* en */,
			);
			name = InfoPlist.strings;
			sourceTree = "<group>";
		};
/* End PBXVariantGroup section */

/* Begin XCBuildConfiguration section */
		208EAEB4195A91D3009BFA64 /* Debug */ = {
			isa = XCBuildConfiguration;
			buildSettings = {
				ALWAYS_SEARCH_USER_PATHS = NO;
				CLANG_CXX_LANGUAGE_STANDARD = "gnu++0x";
				CLANG_CXX_LIBRARY = "libc++";
				CLANG_ENABLE_MODULES = YES;
				CLANG_ENABLE_OBJC_ARC = YES;
				CLANG_WARN_BOOL_CONVERSION = YES;
				CLANG_WARN_CONSTANT_CONVERSION = YES;
				CLANG_WARN_DIRECT_OBJC_ISA_USAGE = YES_ERROR;
				CLANG_WARN_EMPTY_BODY = YES;
				CLANG_WARN_ENUM_CONVERSION = YES;
				CLANG_WARN_INT_CONVERSION = YES;
				CLANG_WARN_OBJC_ROOT_CLASS = YES_ERROR;
				CLANG_WARN__DUPLICATE_METHOD_MATCH = YES;
				"CODE_SIGN_IDENTITY[sdk=iphoneos*]" = "iPhone Developer";
				COPY_PHASE_STRIP = NO;
				GCC_C_LANGUAGE_STANDARD = gnu99;
				GCC_DYNAMIC_NO_PIC = NO;
				GCC_OPTIMIZATION_LEVEL = 0;
				GCC_PREPROCESSOR_DEFINITIONS = (
					"DEBUG=1",
					"$(inherited)",
				);
				GCC_SYMBOLS_PRIVATE_EXTERN = NO;
				GCC_WARN_64_TO_32_BIT_CONVERSION = YES;
				GCC_WARN_ABOUT_RETURN_TYPE = YES_ERROR;
				GCC_WARN_UNDECLARED_SELECTOR = YES;
				GCC_WARN_UNINITIALIZED_AUTOS = YES_AGGRESSIVE;
				GCC_WARN_UNUSED_FUNCTION = YES;
				GCC_WARN_UNUSED_VARIABLE = YES;
				IPHONEOS_DEPLOYMENT_TARGET = 7.1;
				ONLY_ACTIVE_ARCH = YES;
				SDKROOT = iphoneos;
			};
			name = Debug;
		};
		208EAEB5195A91D3009BFA64 /* Release */ = {
			isa = XCBuildConfiguration;
			buildSettings = {
				ALWAYS_SEARCH_USER_PATHS = NO;
				CLANG_CXX_LANGUAGE_STANDARD = "gnu++0x";
				CLANG_CXX_LIBRARY = "libc++";
				CLANG_ENABLE_MODULES = YES;
				CLANG_ENABLE_OBJC_ARC = YES;
				CLANG_WARN_BOOL_CONVERSION = YES;
				CLANG_WARN_CONSTANT_CONVERSION = YES;
				CLANG_WARN_DIRECT_OBJC_ISA_USAGE = YES_ERROR;
				CLANG_WARN_EMPTY_BODY = YES;
				CLANG_WARN_ENUM_CONVERSION = YES;
				CLANG_WARN_INT_CONVERSION = YES;
				CLANG_WARN_OBJC_ROOT_CLASS = YES_ERROR;
				CLANG_WARN__DUPLICATE_METHOD_MATCH = YES;
				"CODE_SIGN_IDENTITY[sdk=iphoneos*]" = "iPhone Developer";
				COPY_PHASE_STRIP = YES;
				ENABLE_NS_ASSERTIONS = NO;
				GCC_C_LANGUAGE_STANDARD = gnu99;
				GCC_WARN_64_TO_32_BIT_CONVERSION = YES;
				GCC_WARN_ABOUT_RETURN_TYPE = YES_ERROR;
				GCC_WARN_UNDECLARED_SELECTOR = YES;
				GCC_WARN_UNINITIALIZED_AUTOS = YES_AGGRESSIVE;
				GCC_WARN_UNUSED_FUNCTION = YES;
				GCC_WARN_UNUSED_VARIABLE = YES;
				IPHONEOS_DEPLOYMENT_TARGET = 7.1;
				SDKROOT = iphoneos;
				VALIDATE_PRODUCT = YES;
			};
			name = Release;
		};
		208EAEB7195A91D3009BFA64 /* Debug */ = {
			isa = XCBuildConfiguration;
			baseConfigurationReference = E1972A1ADC2F44279C811FDA /* Pods.xcconfig */;
			buildSettings = {
				ASSETCATALOG_COMPILER_APPICON_NAME = AppIcon;
				ASSETCATALOG_COMPILER_LAUNCHIMAGE_NAME = LaunchImage;
				GCC_PRECOMPILE_PREFIX_HEADER = YES;
				GCC_PREFIX_HEADER = "ios_tumblr/ios_tumblr-Prefix.pch";
				INFOPLIST_FILE = "ios_tumblr/ios_tumblr-Info.plist";
				PRODUCT_NAME = "$(TARGET_NAME)";
				WRAPPER_EXTENSION = app;
			};
			name = Debug;
		};
		208EAEB8195A91D3009BFA64 /* Release */ = {
			isa = XCBuildConfiguration;
			baseConfigurationReference = E1972A1ADC2F44279C811FDA /* Pods.xcconfig */;
			buildSettings = {
				ASSETCATALOG_COMPILER_APPICON_NAME = AppIcon;
				ASSETCATALOG_COMPILER_LAUNCHIMAGE_NAME = LaunchImage;
				GCC_PRECOMPILE_PREFIX_HEADER = YES;
				GCC_PREFIX_HEADER = "ios_tumblr/ios_tumblr-Prefix.pch";
				INFOPLIST_FILE = "ios_tumblr/ios_tumblr-Info.plist";
				PRODUCT_NAME = "$(TARGET_NAME)";
				WRAPPER_EXTENSION = app;
			};
			name = Release;
		};
		208EAEBA195A91D3009BFA64 /* Debug */ = {
			isa = XCBuildConfiguration;
			buildSettings = {
				BUNDLE_LOADER = "$(BUILT_PRODUCTS_DIR)/ios_tumblr.app/ios_tumblr";
				FRAMEWORK_SEARCH_PATHS = (
					"$(SDKROOT)/Developer/Library/Frameworks",
					"$(inherited)",
					"$(DEVELOPER_FRAMEWORKS_DIR)",
				);
				GCC_PRECOMPILE_PREFIX_HEADER = YES;
				GCC_PREFIX_HEADER = "ios_tumblr/ios_tumblr-Prefix.pch";
				GCC_PREPROCESSOR_DEFINITIONS = (
					"DEBUG=1",
					"$(inherited)",
				);
				INFOPLIST_FILE = "ios_tumblrTests/ios_tumblrTests-Info.plist";
				PRODUCT_NAME = "$(TARGET_NAME)";
				TEST_HOST = "$(BUNDLE_LOADER)";
				WRAPPER_EXTENSION = xctest;
			};
			name = Debug;
		};
		208EAEBB195A91D3009BFA64 /* Release */ = {
			isa = XCBuildConfiguration;
			buildSettings = {
				BUNDLE_LOADER = "$(BUILT_PRODUCTS_DIR)/ios_tumblr.app/ios_tumblr";
				FRAMEWORK_SEARCH_PATHS = (
					"$(SDKROOT)/Developer/Library/Frameworks",
					"$(inherited)",
					"$(DEVELOPER_FRAMEWORKS_DIR)",
				);
				GCC_PRECOMPILE_PREFIX_HEADER = YES;
				GCC_PREFIX_HEADER = "ios_tumblr/ios_tumblr-Prefix.pch";
				INFOPLIST_FILE = "ios_tumblrTests/ios_tumblrTests-Info.plist";
				PRODUCT_NAME = "$(TARGET_NAME)";
				TEST_HOST = "$(BUNDLE_LOADER)";
				WRAPPER_EXTENSION = xctest;
			};
			name = Release;
		};
/* End XCBuildConfiguration section */

/* Begin XCConfigurationList section */
		208EAE85195A91D3009BFA64 /* Build configuration list for PBXProject "ios_tumblr" */ = {
			isa = XCConfigurationList;
			buildConfigurations = (
				208EAEB4195A91D3009BFA64 /* Debug */,
				208EAEB5195A91D3009BFA64 /* Release */,
			);
			defaultConfigurationIsVisible = 0;
			defaultConfigurationName = Release;
		};
		208EAEB6195A91D3009BFA64 /* Build configuration list for PBXNativeTarget "ios_tumblr" */ = {
			isa = XCConfigurationList;
			buildConfigurations = (
				208EAEB7195A91D3009BFA64 /* Debug */,
				208EAEB8195A91D3009BFA64 /* Release */,
			);
			defaultConfigurationIsVisible = 0;
			defaultConfigurationName = Release;
		};
		208EAEB9195A91D3009BFA64 /* Build configuration list for PBXNativeTarget "ios_tumblrTests" */ = {
			isa = XCConfigurationList;
			buildConfigurations = (
				208EAEBA195A91D3009BFA64 /* Debug */,
				208EAEBB195A91D3009BFA64 /* Release */,
			);
			defaultConfigurationIsVisible = 0;
			defaultConfigurationName = Release;
		};
/* End XCConfigurationList section */
	};
	rootObject = 208EAE82195A91D3009BFA64 /* Project object */;
}
